
Microsoft Visual Studio Solution File, Format Version 12.00
# Visual Studio Version 16
VisualStudioVersion = 16.0.31605.320
MinimumVisualStudioVersion = 10.0.40219.1
Project("{FAE04EC0-301F-11D3-BF4B-00C04F79EFBC}") = "ExercicioURI1115", "ExercicioURI1115\ExercicioURI1115.csproj", "{0776E5D3-C70D-4135-9FB8-C17330BEB2D0}"
EndProject
Global
	GlobalSection(SolutionConfigurationPlatforms) = preSolution
		Debug|Any CPU = Debug|Any CPU
		Release|Any CPU = Release|Any CPU
	EndGlobalSection
	GlobalSection(ProjectConfigurationPlatforms) = postSolution
		{0776E5D3-C70D-4135-9FB8-C17330BEB2D0}.Debug|Any CPU.ActiveCfg = Debug|Any CPU
		{0776E5D3-C70D-4135-9FB8-C17330BEB2D0}.Debug|Any CPU.Build.0 = Debug|Any CPU
		{0776E5D3-C70D-4135-9FB8-C17330BEB2D0}.Release|Any CPU.ActiveCfg = Release|Any CPU
		{0776E5D3-C70D-4135-9FB8-C17330BEB2D0}.Release|Any CPU.Build.0 = Release|Any CPU
	EndGlobalSection
	GlobalSection(SolutionProperties) = preSolution
		HideSolutionNode = FALSE
	EndGlobalSection
	GlobalSection(ExtensibilityGlobals) = postSolution
		SolutionGuid = {89C90577-9754-46DF-9565-93E31099CC8D}
	EndGlobalSection
EndGlobal
